
Microsoft Visual Studio Solution File, Format Version 12.00
# Visual Studio 15
VisualStudioVersion = 15.0.27130.2010
MinimumVisualStudioVersion = 10.0.40219.1
Project("{9A19103F-16F7-4668-BE54-9A1E7A4F7556}") = "JungleStore", "JungleStore\JungleStore.csproj", "{526F6740-4126-47AF-A41B-2F8968C726F4}"
EndProject
Project("{9A19103F-16F7-4668-BE54-9A1E7A4F7556}") = "JungleEntities", "JungleEntities\JungleEntities.csproj", "{557D7A31-8479-42A0-A814-5C730004E389}"
EndProject
Project("{9A19103F-16F7-4668-BE54-9A1E7A4F7556}") = "JungleControllerCore", "JungleControllerCore\JungleControllerCore.csproj", "{BCAD6E4C-11BB-437B-9B5E-B7DED40F7F5F}"
EndProject
Project("{FAE04EC0-301F-11D3-BF4B-00C04F79EFBC}") = "EmployeeControllers", "EmployeeControllers\EmployeeControllers.csproj", "{3265B52C-080A-45D7-BBE4-77480217B8EC}"
EndProject
Global
	GlobalSection(SolutionConfigurationPlatforms) = preSolution
		Debug|Any CPU = Debug|Any CPU
		Release|Any CPU = Release|Any CPU
	EndGlobalSection
	GlobalSection(ProjectConfigurationPlatforms) = postSolution
		{526F6740-4126-47AF-A41B-2F8968C726F4}.Debug|Any CPU.ActiveCfg = Debug|Any CPU
		{526F6740-4126-47AF-A41B-2F8968C726F4}.Debug|Any CPU.Build.0 = Debug|Any CPU
		{526F6740-4126-47AF-A41B-2F8968C726F4}.Release|Any CPU.ActiveCfg = Release|Any CPU
		{526F6740-4126-47AF-A41B-2F8968C726F4}.Release|Any CPU.Build.0 = Release|Any CPU
		{557D7A31-8479-42A0-A814-5C730004E389}.Debug|Any CPU.ActiveCfg = Debug|Any CPU
		{557D7A31-8479-42A0-A814-5C730004E389}.Debug|Any CPU.Build.0 = Debug|Any CPU
		{557D7A31-8479-42A0-A814-5C730004E389}.Release|Any CPU.ActiveCfg = Release|Any CPU
		{557D7A31-8479-42A0-A814-5C730004E389}.Release|Any CPU.Build.0 = Release|Any CPU
		{BCAD6E4C-11BB-437B-9B5E-B7DED40F7F5F}.Debug|Any CPU.ActiveCfg = Debug|Any CPU
		{BCAD6E4C-11BB-437B-9B5E-B7DED40F7F5F}.Debug|Any CPU.Build.0 = Debug|Any CPU
		{BCAD6E4C-11BB-437B-9B5E-B7DED40F7F5F}.Release|Any CPU.ActiveCfg = Release|Any CPU
		{BCAD6E4C-11BB-437B-9B5E-B7DED40F7F5F}.Release|Any CPU.Build.0 = Release|Any CPU
		{3265B52C-080A-45D7-BBE4-77480217B8EC}.Debug|Any CPU.ActiveCfg = Debug|Any CPU
		{3265B52C-080A-45D7-BBE4-77480217B8EC}.Debug|Any CPU.Build.0 = Debug|Any CPU
		{3265B52C-080A-45D7-BBE4-77480217B8EC}.Release|Any CPU.ActiveCfg = Release|Any CPU
		{3265B52C-080A-45D7-BBE4-77480217B8EC}.Release|Any CPU.Build.0 = Release|Any CPU
	EndGlobalSection
	GlobalSection(SolutionProperties) = preSolution
		HideSolutionNode = FALSE
	EndGlobalSection
	GlobalSection(ExtensibilityGlobals) = postSolution
		SolutionGuid = {B4180EB7-E4C3-404B-A3BE-A73F7419F516}
	EndGlobalSection
EndGlobal
